
Microsoft Visual Studio Solution File, Format Version 12.00
# Visual Studio 14
VisualStudioVersion = 14.0.24720.0
MinimumVisualStudioVersion = 10.0.40219.1
Project("{FAE04EC0-301F-11D3-BF4B-00C04F79EFBC}") = "ZAD1", "ZAD1\ZAD1.csproj", "{AE13C6CA-1944-4BB4-9180-B206EB10A165}"
EndProject
Project("{FAE04EC0-301F-11D3-BF4B-00C04F79EFBC}") = "ZAD2", "ZAD2\ZAD2.csproj", "{129658BC-CD0F-41BA-AA29-78819FE52F0B}"
EndProject
Global
	GlobalSection(SolutionConfigurationPlatforms) = preSolution
		Debug|Any CPU = Debug|Any CPU
		Release|Any CPU = Release|Any CPU
	EndGlobalSection
	GlobalSection(ProjectConfigurationPlatforms) = postSolution
		{AE13C6CA-1944-4BB4-9180-B206EB10A165}.Debug|Any CPU.ActiveCfg = Debug|Any CPU
		{AE13C6CA-1944-4BB4-9180-B206EB10A165}.Debug|Any CPU.Build.0 = Debug|Any CPU
		{AE13C6CA-1944-4BB4-9180-B206EB10A165}.Release|Any CPU.ActiveCfg = Release|Any CPU
		{AE13C6CA-1944-4BB4-9180-B206EB10A165}.Release|Any CPU.Build.0 = Release|Any CPU
		{129658BC-CD0F-41BA-AA29-78819FE52F0B}.Debug|Any CPU.ActiveCfg = Debug|Any CPU
		{129658BC-CD0F-41BA-AA29-78819FE52F0B}.Debug|Any CPU.Build.0 = Debug|Any CPU
		{129658BC-CD0F-41BA-AA29-78819FE52F0B}.Release|Any CPU.ActiveCfg = Release|Any CPU
		{129658BC-CD0F-41BA-AA29-78819FE52F0B}.Release|Any CPU.Build.0 = Release|Any CPU
	EndGlobalSection
	GlobalSection(SolutionProperties) = preSolution
		HideSolutionNode = FALSE
	EndGlobalSection
EndGlobal
